
Microsoft Visual Studio Solution File, Format Version 12.00
# Visual Studio Version 17
VisualStudioVersion = 17.0.32126.317
MinimumVisualStudioVersion = 10.0.40219.1
Project("{FAE04EC0-301F-11D3-BF4B-00C04F79EFBC}") = "Ctroki", "Ctroki\Ctroki.csproj", "{7ABA7FC4-F885-4014-871D-8E25D5DFB9D4}"
EndProject
Global
	GlobalSection(SolutionConfigurationPlatforms) = preSolution
		Debug|Any CPU = Debug|Any CPU
		Release|Any CPU = Release|Any CPU
	EndGlobalSection
	GlobalSection(ProjectConfigurationPlatforms) = postSolution
		{7ABA7FC4-F885-4014-871D-8E25D5DFB9D4}.Debug|Any CPU.ActiveCfg = Debug|Any CPU
		{7ABA7FC4-F885-4014-871D-8E25D5DFB9D4}.Debug|Any CPU.Build.0 = Debug|Any CPU
		{7ABA7FC4-F885-4014-871D-8E25D5DFB9D4}.Release|Any CPU.ActiveCfg = Release|Any CPU
		{7ABA7FC4-F885-4014-871D-8E25D5DFB9D4}.Release|Any CPU.Build.0 = Release|Any CPU
	EndGlobalSection
	GlobalSection(SolutionProperties) = preSolution
		HideSolutionNode = FALSE
	EndGlobalSection
	GlobalSection(ExtensibilityGlobals) = postSolution
		SolutionGuid = {58020646-FAE0-4E36-8C83-8E23D49EDF49}
	EndGlobalSection
EndGlobal
